{
  "name": "open-source-cryptography-monorepo",
  "lockfileVersion": 3,
  "requires": true,
  "packages": {
    "": {
      "name": "open-source-cryptography-monorepo",
      "workspaces": [
        "web-crypto-pki",
        "pades-pdf-signer",
        "esign-audit-verifier",
        "x509-asn1-builder",
        "cms-signed-data",
        "timestamp-authority-client",
        "secure-key-store",
        "aadhaar-esign-bridge",
        "xmldsig-signer",
        "section-65b-certificate",
        "dsc-token-bridge",
        "pdf-redaction-engine",
        "cms-signature-validator",
        "pdf-vector-sanitizer",
        "usb-token-policy-guard",
        "trust-anchor-resolver",
        "trust-shield-sdk"
      ]
    },
    "aadhaar-esign-bridge": {
      "name": "@dottedice/aadhaar-esign-bridge",
      "version": "1.0.1",
      "license": "Apache-2.0"
    },
    "cms-signature-validator": {
      "name": "@dottedice/cms-signature-validator",
      "version": "1.0.1",
      "license": "Apache-2.0"
    },
    "cms-signed-data": {
      "name": "@dottedice/cms-signed-data",
      "version": "1.0.1",
      "license": "Apache-2.0",
      "dependencies": {
        "@dottedice/x509-asn1-builder": "^1.0.0"
      }
    },
    "dsc-token-bridge": {
      "name": "@dottedice/dsc-token-bridge",
      "version": "1.0.1",
      "license": "Apache-2.0"
    },
    "esign-audit-verifier": {
      "name": "@dottedice/esign-audit-verifier",
      "version": "1.0.3",
      "license": "Apache-2.0",
      "dependencies": {
        "pdf-lib": "^1.17.1"
      }
    },
    "node_modules/@dottedice/aadhaar-esign-bridge": {
      "resolved": "aadhaar-esign-bridge",
      "link": true
    },
    "node_modules/@dottedice/cms-signature-validator": {
      "resolved": "cms-signature-validator",
      "link": true
    },
    "node_modules/@dottedice/cms-signed-data": {
      "resolved": "cms-signed-data",
      "link": true
    },
    "node_modules/@dottedice/dsc-token-bridge": {
      "resolved": "dsc-token-bridge",
      "link": true
    },
    "node_modules/@dottedice/esign-audit-verifier": {
      "resolved": "esign-audit-verifier",
      "link": true
    },
    "node_modules/@dottedice/pades-pdf-signer": {
      "resolved": "pades-pdf-signer",
      "link": true
    },
    "node_modules/@dottedice/pdf-redaction-engine": {
      "resolved": "pdf-redaction-engine",
      "link": true
    },
    "node_modules/@dottedice/pdf-vector-sanitizer": {
      "resolved": "pdf-vector-sanitizer",
      "link": true
    },
    "node_modules/@dottedice/section-65b-certificate": {
      "resolved": "section-65b-certificate",
      "link": true
    },
    "node_modules/@dottedice/secure-key-store": {
      "resolved": "secure-key-store",
      "link": true
    },
    "node_modules/@dottedice/timestamp-authority-client": {
      "resolved": "timestamp-authority-client",
      "link": true
    },
    "node_modules/@dottedice/trust-anchor-resolver": {
      "resolved": "trust-anchor-resolver",
      "link": true
    },
    "node_modules/@dottedice/trust-shield-sdk": {
      "resolved": "trust-shield-sdk",
      "link": true
    },
    "node_modules/@dottedice/usb-token-policy-guard": {
      "resolved": "usb-token-policy-guard",
      "link": true
    },
    "node_modules/@dottedice/web-crypto-pki": {
      "resolved": "web-crypto-pki",
      "link": true
    },
    "node_modules/@dottedice/x509-asn1-builder": {
      "resolved": "x509-asn1-builder",
      "link": true
    },
    "node_modules/@dottedice/xmldsig-signer": {
      "resolved": "xmldsig-signer",
      "link": true
    },
    "node_modules/@pdf-lib/standard-fonts": {
      "version": "1.0.0",
      "resolved": "https://registry.npmjs.org/@pdf-lib/standard-fonts/-/standard-fonts-1.0.0.tgz",
      "integrity": "sha512-hU30BK9IUN/su0Mn9VdlVKsWBS6GyhVfqjwl1FjZN4TxP6cCw0jP2w7V3Hf5uX7M0AZJ16vey9yE0ny7Sa59ZA==",
      "license": "MIT",
      "dependencies": {
        "pako": "^1.0.6"
      }
    },
    "node_modules/@pdf-lib/upng": {
      "version": "1.0.1",
      "resolved": "https://registry.npmjs.org/@pdf-lib/upng/-/upng-1.0.1.tgz",
      "integrity": "sha512-dQK2FUMQtowVP00mtIksrlZhdFXQZPC+taih1q4CvPZ5vqdxR/LKBaFg0oAfzd1GlHZXXSPdQfzQnt+ViGvEIQ==",
      "license": "MIT",
      "dependencies": {
        "pako": "^1.0.10"
      }
    },
    "node_modules/pako": {
      "version": "1.0.11",
      "resolved": "https://registry.npmjs.org/pako/-/pako-1.0.11.tgz",
      "integrity": "sha512-4hLB8Py4zZce5s4yd9XzopqwVv/yGNhV1Bl8NTmCq1763HeK2+EwVTv+leGeL13Dnh2wfbqowVPXCIO0z4taYw==",
      "license": "(MIT AND Zlib)"
    },
    "node_modules/pdf-lib": {
      "version": "1.17.1",
      "resolved": "https://registry.npmjs.org/pdf-lib/-/pdf-lib-1.17.1.tgz",
      "integrity": "sha512-V/mpyJAoTsN4cnP31vc0wfNA1+p20evqqnap0KLoRUN0Yk/p3wN52DOEsL4oBFcLdb76hlpKPtzJIgo67j/XLw==",
      "license": "MIT",
      "dependencies": {
        "@pdf-lib/standard-fonts": "^1.0.0",
        "@pdf-lib/upng": "^1.0.1",
        "pako": "^1.0.11",
        "tslib": "^1.11.1"
      }
    },
    "node_modules/tslib": {
      "version": "1.14.1",
      "resolved": "https://registry.npmjs.org/tslib/-/tslib-1.14.1.tgz",
      "integrity": "sha512-Xni35NKzjgMrwevysHTCArtLDpPvye8zV/0E4EyYn43P7/7qvQwPh9BGkHewbMulVntbigmcT7rdX3BNo9wRJg==",
      "license": "0BSD"
    },
    "pades-pdf-signer": {
      "name": "@dottedice/pades-pdf-signer",
      "version": "1.0.3",
      "license": "Apache-2.0",
      "dependencies": {
        "@dottedice/cms-signed-data": "^1.0.0",
        "pdf-lib": "^1.17.1"
      }
    },
    "pdf-redaction-engine": {
      "name": "@dottedice/pdf-redaction-engine",
      "version": "1.0.1",
      "license": "Apache-2.0",
      "dependencies": {
        "pdf-lib": "^1.17.1"
      }
    },
    "pdf-vector-sanitizer": {
      "name": "@dottedice/pdf-vector-sanitizer",
      "version": "1.0.1",
      "license": "Apache-2.0",
      "dependencies": {
        "pdf-lib": "^1.17.1"
      }
    },
    "section-65b-certificate": {
      "name": "@dottedice/section-65b-certificate",
      "version": "1.0.1",
      "license": "Apache-2.0"
    },
    "secure-key-store": {
      "name": "@dottedice/secure-key-store",
      "version": "1.0.1",
      "license": "Apache-2.0"
    },
    "timestamp-authority-client": {
      "name": "@dottedice/timestamp-authority-client",
      "version": "1.0.1",
      "license": "Apache-2.0"
    },
    "trust-anchor-resolver": {
      "name": "@dottedice/trust-anchor-resolver",
      "version": "1.0.1",
      "license": "Apache-2.0"
    },
    "trust-shield-sdk": {
      "name": "@dottedice/trust-shield-sdk",
      "version": "1.0.1",
      "license": "Apache-2.0",
      "dependencies": {
        "@dottedice/aadhaar-esign-bridge": "^1.0.0",
        "@dottedice/cms-signature-validator": "^1.0.0",
        "@dottedice/cms-signed-data": "^1.0.0",
        "@dottedice/dsc-token-bridge": "^1.0.0",
        "@dottedice/esign-audit-verifier": "^1.0.2",
        "@dottedice/pades-pdf-signer": "^1.0.0",
        "@dottedice/pdf-redaction-engine": "^1.0.0",
        "@dottedice/pdf-vector-sanitizer": "^1.0.0",
        "@dottedice/section-65b-certificate": "^1.0.0",
        "@dottedice/secure-key-store": "^1.0.0",
        "@dottedice/timestamp-authority-client": "^1.0.0",
        "@dottedice/trust-anchor-resolver": "^1.0.0",
        "@dottedice/usb-token-policy-guard": "^1.0.0",
        "@dottedice/web-crypto-pki": "^1.0.0",
        "@dottedice/x509-asn1-builder": "^1.0.0",
        "@dottedice/xmldsig-signer": "^1.0.0"
      }
    },
    "usb-token-policy-guard": {
      "name": "@dottedice/usb-token-policy-guard",
      "version": "1.0.1",
      "license": "Apache-2.0"
    },
    "web-crypto-pki": {
      "name": "@dottedice/web-crypto-pki",
      "version": "1.0.3",
      "license": "Apache-2.0",
      "dependencies": {
        "@dottedice/x509-asn1-builder": "^1.0.0"
      }
    },
    "x509-asn1-builder": {
      "name": "@dottedice/x509-asn1-builder",
      "version": "1.0.1",
      "license": "Apache-2.0"
    },
    "xmldsig-signer": {
      "name": "@dottedice/xmldsig-signer",
      "version": "1.0.1",
      "license": "Apache-2.0"
    }
  }
}
